
Microsoft Visual Studio Solution File, Format Version 12.00
# Visual Studio Version 17
VisualStudioVersion = 17.2.32516.85
MinimumVisualStudioVersion = 10.0.40219.1
Project("{FAE04EC0-301F-11D3-BF4B-00C04F79EFBC}") = "poker-planning", "poker-planning\poker-planning.csproj", "{8BB704E7-90C1-41AB-A6ED-71C25B849F5D}"
EndProject
Global
	GlobalSection(SolutionConfigurationPlatforms) = preSolution
		Debug|Any CPU = Debug|Any CPU
		Release|Any CPU = Release|Any CPU
	EndGlobalSection
	GlobalSection(ProjectConfigurationPlatforms) = postSolution
		{8BB704E7-90C1-41AB-A6ED-71C25B849F5D}.Debug|Any CPU.ActiveCfg = Debug|Any CPU
		{8BB704E7-90C1-41AB-A6ED-71C25B849F5D}.Debug|Any CPU.Build.0 = Debug|Any CPU
		{8BB704E7-90C1-41AB-A6ED-71C25B849F5D}.Release|Any CPU.ActiveCfg = Release|Any CPU
		{8BB704E7-90C1-41AB-A6ED-71C25B849F5D}.Release|Any CPU.Build.0 = Release|Any CPU
	EndGlobalSection
	GlobalSection(SolutionProperties) = preSolution
		HideSolutionNode = FALSE
	EndGlobalSection
	GlobalSection(ExtensibilityGlobals) = postSolution
		SolutionGuid = {620C9C1A-7598-420E-A357-B1ED4FCE4EE5}
	EndGlobalSection
EndGlobal
